
Microsoft Visual Studio Solution File, Format Version 12.00
# Visual Studio Version 17
VisualStudioVersion = 17.7.34031.279
MinimumVisualStudioVersion = 10.0.40219.1
Project("{2150E333-8FDC-42A3-9474-1A3956D46DE8}") = "Services", "Services", "{B8F5DAC2-7A58-4306-B17B-B6C74DD3442E}"
EndProject
Project("{2150E333-8FDC-42A3-9474-1A3956D46DE8}") = "Catalog", "Catalog", "{5246E537-E3BC-411D-9CA6-EB6CB14A55F7}"
EndProject
Project("{9A19103F-16F7-4668-BE54-9A1E7A4F7556}") = "Catalog.API", "Services\Catalog\CatalogAPI\Catalog.API.csproj", "{A86CB4CE-CE73-460B-9696-C042AB867810}"
EndProject
Project("{2150E333-8FDC-42A3-9474-1A3956D46DE8}") = "BuildingBlocks", "BuildingBlocks", "{30C770A1-0F56-4E25-9258-E2B6D3B0158E}"
EndProject
Project("{FAE04EC0-301F-11D3-BF4B-00C04F79EFBC}") = "BuildingBlocks", "BuildingBlocks\BuildingBlocks\BuildingBlocks.csproj", "{43D55AFC-6E3F-4E90-80F5-7BEC8940AD35}"
EndProject
Project("{E53339B2-1760-4266-BCC7-CA923CBCF16C}") = "docker-compose", "docker-compose.dcproj", "{E3CE3A3D-FFA9-4FAA-AD09-37137209227D}"
EndProject
Project("{2150E333-8FDC-42A3-9474-1A3956D46DE8}") = "Basket", "Basket", "{B0B90958-8380-4390-8B67-85C1FFF87033}"
EndProject
Project("{FAE04EC0-301F-11D3-BF4B-00C04F79EFBC}") = "Basket.API", "Services\Basket\Basket.API\Basket.API.csproj", "{50309392-1FDD-405F-A278-EAF1C9E31C31}"
EndProject
Project("{2150E333-8FDC-42A3-9474-1A3956D46DE8}") = "Discount", "Discount", "{79C73912-80BC-4E9B-9980-CAB7AE8F8186}"
EndProject
Project("{FAE04EC0-301F-11D3-BF4B-00C04F79EFBC}") = "Discount.Grpc", "Services\Discount\Discount.Grpc\Discount.Grpc.csproj", "{A89BE9A6-F066-42C5-B2E6-30E58F617C26}"
EndProject
Project("{2150E333-8FDC-42A3-9474-1A3956D46DE8}") = "Ordering", "Ordering", "{65BDB310-26B3-416D-A095-818F6A08EF19}"
EndProject
Project("{FAE04EC0-301F-11D3-BF4B-00C04F79EFBC}") = "Ordering.API", "Services\Ordering\Ordering.API\Ordering.API.csproj", "{CD4028BF-660B-4059-9AD6-16F997A708D3}"
EndProject
Project("{FAE04EC0-301F-11D3-BF4B-00C04F79EFBC}") = "Ordering.Domain", "Services\Ordering\Ordering.Domain\Ordering.Domain.csproj", "{44B0B8A7-0A12-4D4D-8D14-1AD6F8649477}"
EndProject
Project("{FAE04EC0-301F-11D3-BF4B-00C04F79EFBC}") = "Ordering.Application", "Services\Ordering\Ordering.Application\Ordering.Application.csproj", "{DE035D99-EA03-4EC8-8A62-4094C07ABA3C}"
EndProject
Project("{FAE04EC0-301F-11D3-BF4B-00C04F79EFBC}") = "Ordering.Infrastructure", "Services\Ordering\Ordering.Infrastructure\Ordering.Infrastructure.csproj", "{299CE52C-9EF1-4776-8D3C-93452DD93250}"
EndProject
Project("{FAE04EC0-301F-11D3-BF4B-00C04F79EFBC}") = "BuildingBlocks.Messaging", "BuildingBlocks\BuildingBlocks.Messaging\BuildingBlocks.Messaging.csproj", "{979CB6C3-D6AF-4746-A74C-5EE659980865}"
EndProject
Global
	GlobalSection(SolutionConfigurationPlatforms) = preSolution
		Debug|Any CPU = Debug|Any CPU
		Release|Any CPU = Release|Any CPU
	EndGlobalSection
	GlobalSection(ProjectConfigurationPlatforms) = postSolution
		{A86CB4CE-CE73-460B-9696-C042AB867810}.Debug|Any CPU.ActiveCfg = Debug|Any CPU
		{A86CB4CE-CE73-460B-9696-C042AB867810}.Debug|Any CPU.Build.0 = Debug|Any CPU
		{A86CB4CE-CE73-460B-9696-C042AB867810}.Release|Any CPU.ActiveCfg = Release|Any CPU
		{A86CB4CE-CE73-460B-9696-C042AB867810}.Release|Any CPU.Build.0 = Release|Any CPU
		{43D55AFC-6E3F-4E90-80F5-7BEC8940AD35}.Debug|Any CPU.ActiveCfg = Debug|Any CPU
		{43D55AFC-6E3F-4E90-80F5-7BEC8940AD35}.Debug|Any CPU.Build.0 = Debug|Any CPU
		{43D55AFC-6E3F-4E90-80F5-7BEC8940AD35}.Release|Any CPU.ActiveCfg = Release|Any CPU
		{43D55AFC-6E3F-4E90-80F5-7BEC8940AD35}.Release|Any CPU.Build.0 = Release|Any CPU
		{E3CE3A3D-FFA9-4FAA-AD09-37137209227D}.Debug|Any CPU.ActiveCfg = Debug|Any CPU
		{E3CE3A3D-FFA9-4FAA-AD09-37137209227D}.Debug|Any CPU.Build.0 = Debug|Any CPU
		{E3CE3A3D-FFA9-4FAA-AD09-37137209227D}.Release|Any CPU.ActiveCfg = Release|Any CPU
		{E3CE3A3D-FFA9-4FAA-AD09-37137209227D}.Release|Any CPU.Build.0 = Release|Any CPU
		{50309392-1FDD-405F-A278-EAF1C9E31C31}.Debug|Any CPU.ActiveCfg = Debug|Any CPU
		{50309392-1FDD-405F-A278-EAF1C9E31C31}.Debug|Any CPU.Build.0 = Debug|Any CPU
		{50309392-1FDD-405F-A278-EAF1C9E31C31}.Release|Any CPU.ActiveCfg = Release|Any CPU
		{50309392-1FDD-405F-A278-EAF1C9E31C31}.Release|Any CPU.Build.0 = Release|Any CPU
		{A89BE9A6-F066-42C5-B2E6-30E58F617C26}.Debug|Any CPU.ActiveCfg = Debug|Any CPU
		{A89BE9A6-F066-42C5-B2E6-30E58F617C26}.Debug|Any CPU.Build.0 = Debug|Any CPU
		{A89BE9A6-F066-42C5-B2E6-30E58F617C26}.Release|Any CPU.ActiveCfg = Release|Any CPU
		{A89BE9A6-F066-42C5-B2E6-30E58F617C26}.Release|Any CPU.Build.0 = Release|Any CPU
		{CD4028BF-660B-4059-9AD6-16F997A708D3}.Debug|Any CPU.ActiveCfg = Debug|Any CPU
		{CD4028BF-660B-4059-9AD6-16F997A708D3}.Debug|Any CPU.Build.0 = Debug|Any CPU
		{CD4028BF-660B-4059-9AD6-16F997A708D3}.Release|Any CPU.ActiveCfg = Release|Any CPU
		{CD4028BF-660B-4059-9AD6-16F997A708D3}.Release|Any CPU.Build.0 = Release|Any CPU
		{44B0B8A7-0A12-4D4D-8D14-1AD6F8649477}.Debug|Any CPU.ActiveCfg = Debug|Any CPU
		{44B0B8A7-0A12-4D4D-8D14-1AD6F8649477}.Debug|Any CPU.Build.0 = Debug|Any CPU
		{44B0B8A7-0A12-4D4D-8D14-1AD6F8649477}.Release|Any CPU.ActiveCfg = Release|Any CPU
		{44B0B8A7-0A12-4D4D-8D14-1AD6F8649477}.Release|Any CPU.Build.0 = Release|Any CPU
		{DE035D99-EA03-4EC8-8A62-4094C07ABA3C}.Debug|Any CPU.ActiveCfg = Debug|Any CPU
		{DE035D99-EA03-4EC8-8A62-4094C07ABA3C}.Debug|Any CPU.Build.0 = Debug|Any CPU
		{DE035D99-EA03-4EC8-8A62-4094C07ABA3C}.Release|Any CPU.ActiveCfg = Release|Any CPU
		{DE035D99-EA03-4EC8-8A62-4094C07ABA3C}.Release|Any CPU.Build.0 = Release|Any CPU
		{299CE52C-9EF1-4776-8D3C-93452DD93250}.Debug|Any CPU.ActiveCfg = Debug|Any CPU
		{299CE52C-9EF1-4776-8D3C-93452DD93250}.Debug|Any CPU.Build.0 = Debug|Any CPU
		{299CE52C-9EF1-4776-8D3C-93452DD93250}.Release|Any CPU.ActiveCfg = Release|Any CPU
		{299CE52C-9EF1-4776-8D3C-93452DD93250}.Release|Any CPU.Build.0 = Release|Any CPU
		{979CB6C3-D6AF-4746-A74C-5EE659980865}.Debug|Any CPU.ActiveCfg = Debug|Any CPU
		{979CB6C3-D6AF-4746-A74C-5EE659980865}.Debug|Any CPU.Build.0 = Debug|Any CPU
		{979CB6C3-D6AF-4746-A74C-5EE659980865}.Release|Any CPU.ActiveCfg = Release|Any CPU
		{979CB6C3-D6AF-4746-A74C-5EE659980865}.Release|Any CPU.Build.0 = Release|Any CPU
	EndGlobalSection
	GlobalSection(SolutionProperties) = preSolution
		HideSolutionNode = FALSE
	EndGlobalSection
	GlobalSection(NestedProjects) = preSolution
		{5246E537-E3BC-411D-9CA6-EB6CB14A55F7} = {B8F5DAC2-7A58-4306-B17B-B6C74DD3442E}
		{A86CB4CE-CE73-460B-9696-C042AB867810} = {5246E537-E3BC-411D-9CA6-EB6CB14A55F7}
		{43D55AFC-6E3F-4E90-80F5-7BEC8940AD35} = {30C770A1-0F56-4E25-9258-E2B6D3B0158E}
		{B0B90958-8380-4390-8B67-85C1FFF87033} = {B8F5DAC2-7A58-4306-B17B-B6C74DD3442E}
		{50309392-1FDD-405F-A278-EAF1C9E31C31} = {B0B90958-8380-4390-8B67-85C1FFF87033}
		{79C73912-80BC-4E9B-9980-CAB7AE8F8186} = {B8F5DAC2-7A58-4306-B17B-B6C74DD3442E}
		{A89BE9A6-F066-42C5-B2E6-30E58F617C26} = {79C73912-80BC-4E9B-9980-CAB7AE8F8186}
		{65BDB310-26B3-416D-A095-818F6A08EF19} = {B8F5DAC2-7A58-4306-B17B-B6C74DD3442E}
		{CD4028BF-660B-4059-9AD6-16F997A708D3} = {65BDB310-26B3-416D-A095-818F6A08EF19}
		{44B0B8A7-0A12-4D4D-8D14-1AD6F8649477} = {65BDB310-26B3-416D-A095-818F6A08EF19}
		{DE035D99-EA03-4EC8-8A62-4094C07ABA3C} = {65BDB310-26B3-416D-A095-818F6A08EF19}
		{299CE52C-9EF1-4776-8D3C-93452DD93250} = {65BDB310-26B3-416D-A095-818F6A08EF19}
		{979CB6C3-D6AF-4746-A74C-5EE659980865} = {30C770A1-0F56-4E25-9258-E2B6D3B0158E}
	EndGlobalSection
	GlobalSection(ExtensibilityGlobals) = postSolution
		SolutionGuid = {FF3A9FF2-E3BA-4334-9CCD-F3F5918606E0}
	EndGlobalSection
EndGlobal
